// !$*UTF8*$!
{
	archiveVersion = 1;
	classes = {
	};
	objectVersion = 46;
	objects = {

/* Begin PBXBuildFile section */
		206C9F3E1D474E910063E3E6 /* RCTStatus.h in Copy Files */ = {isa = PBXBuildFile; fileRef = 206C9F3D1D474E910063E3E6 /* RCTStatus.h */; };
		206C9F401D474E910063E3E6 /* RCTStatus.m in Sources */ = {isa = PBXBuildFile; fileRef = 206C9F3F1D474E910063E3E6 /* RCTStatus.m */; };
		CE4E31B11D86951A0033ED64 /* Statusgo.framework in Frameworks */ = {isa = PBXBuildFile; fileRef = CE4E31B01D86951A0033ED64 /* Statusgo.framework */; };
/* End PBXBuildFile section */

/* Begin PBXCopyFilesBuildPhase section */
		206C9F381D474E910063E3E6 /* Copy Files */ = {
			isa = PBXCopyFilesBuildPhase;
			buildActionMask = 2147483647;
			dstPath = "include/$(PRODUCT_NAME)";
			dstSubfolderSpec = 16;
			files = (
				206C9F3E1D474E910063E3E6 /* RCTStatus.h in Copy Files */,
			);
			name = "Copy Files";
			runOnlyForDeploymentPostprocessing = 0;
		};
/* End PBXCopyFilesBuildPhase section */

/* Begin PBXFileReference section */
		206C9F3A1D474E910063E3E6 /* libRCTStatus.a */ = {isa = PBXFileReference; explicitFileType = archive.ar; includeInIndex = 0; path = libRCTStatus.a; sourceTree = BUILT_PRODUCTS_DIR; };
		206C9F3D1D474E910063E3E6 /* RCTStatus.h */ = {isa = PBXFileReference; lastKnownFileType = sourcecode.c.h; path = RCTStatus.h; sourceTree = "<group>"; };
		206C9F3F1D474E910063E3E6 /* RCTStatus.m */ = {isa = PBXFileReference; lastKnownFileType = sourcecode.c.objc; path = RCTStatus.m; sourceTree = "<group>"; };
		CE4E31B01D86951A0033ED64 /* Statusgo.framework */ = {isa = PBXFileReference; lastKnownFileType = wrapper.framework; path = Statusgo.framework; sourceTree = "<group>"; };
/* End PBXFileReference section */

/* Begin PBXFrameworksBuildPhase section */
		206C9F371D474E910063E3E6 /* Frameworks */ = {
			isa = PBXFrameworksBuildPhase;
			buildActionMask = 2147483647;
			files = (
				CE4E31B11D86951A0033ED64 /* Statusgo.framework in Frameworks */,
			);
			runOnlyForDeploymentPostprocessing = 0;
		};
/* End PBXFrameworksBuildPhase section */

/* Begin PBXGroup section */
		206C9F311D474E910063E3E6 = {
			isa = PBXGroup;
			children = (
				CE4E31B01D86951A0033ED64 /* Statusgo.framework */,
				206C9F3C1D474E910063E3E6 /* Status */,
				206C9F3B1D474E910063E3E6 /* Products */,
			);
			sourceTree = "<group>";
		};
		206C9F3B1D474E910063E3E6 /* Products */ = {
			isa = PBXGroup;
			children = (
				206C9F3A1D474E910063E3E6 /* libRCTStatus.a */,
			);
			name = Products;
			sourceTree = "<group>";
		};
		206C9F3C1D474E910063E3E6 /* Status */ = {
			isa = PBXGroup;
			children = (
				206C9F3D1D474E910063E3E6 /* RCTStatus.h */,
				206C9F3F1D474E910063E3E6 /* RCTStatus.m */,
			);
			name = Status;
			sourceTree = "<group>";
		};
/* End PBXGroup section */

/* Begin PBXNativeTarget section */
		206C9F391D474E910063E3E6 /* RCTStatus */ = {
			isa = PBXNativeTarget;
			buildConfigurationList = 206C9F431D474E910063E3E6 /* Build configuration list for PBXNativeTarget "RCTStatus" */;
			buildPhases = (
				206C9F361D474E910063E3E6 /* Sources */,
				206C9F371D474E910063E3E6 /* Frameworks */,
				206C9F381D474E910063E3E6 /* Copy Files */,
			);
			buildRules = (
			);
			dependencies = (
			);
			name = RCTStatus;
			productName = RCTStatus;
			productReference = 206C9F3A1D474E910063E3E6 /* libRCTStatus.a */;
			productType = "com.apple.product-type.library.static";
		};
/* End PBXNativeTarget section */

/* Begin PBXProject section */
		206C9F321D474E910063E3E6 /* Project object */ = {
			isa = PBXProject;
			attributes = {
				LastUpgradeCheck = 0730;
				ORGANIZATIONNAME = Status.im;
				TargetAttributes = {
					206C9F391D474E910063E3E6 = {
						CreatedOnToolsVersion = 7.3.1;
					};
				};
			};
			buildConfigurationList = 206C9F351D474E910063E3E6 /* Build configuration list for PBXProject "RCTStatus" */;
			compatibilityVersion = "Xcode 3.2";
			developmentRegion = English;
			hasScannedForEncodings = 0;
			knownRegions = (
				English,
				en,
			);
			mainGroup = 206C9F311D474E910063E3E6;
			productRefGroup = 206C9F3B1D474E910063E3E6 /* Products */;
			projectDirPath = "";
			projectRoot = "";
			targets = (
				206C9F391D474E910063E3E6 /* RCTStatus */,
			);
		};
/* End PBXProject section */

/* Begin PBXSourcesBuildPhase section */
		206C9F361D474E910063E3E6 /* Sources */ = {
			isa = PBXSourcesBuildPhase;
			buildActionMask = 2147483647;
			files = (
				206C9F401D474E910063E3E6 /* RCTStatus.m in Sources */,
			);
			runOnlyForDeploymentPostprocessing = 0;
		};
/* End PBXSourcesBuildPhase section */

/* Begin XCBuildConfiguration section */
		206C9F411D474E910063E3E6 /* Debug */ = {
			isa = XCBuildConfiguration;
			buildSettings = {
				ALWAYS_SEARCH_USER_PATHS = NO;
				CLANG_ANALYZER_NONNULL = YES;
				CLANG_CXX_LANGUAGE_STANDARD = "gnu++0x";
				CLANG_CXX_LIBRARY = "libc++";
				CLANG_ENABLE_MODULES = YES;
				CLANG_ENABLE_OBJC_ARC = YES;
				CLANG_WARN_BOOL_CONVERSION = YES;
				CLANG_WARN_CONSTANT_CONVERSION = YES;
				CLANG_WARN_DIRECT_OBJC_ISA_USAGE = YES_ERROR;
				CLANG_WARN_EMPTY_BODY = YES;
				CLANG_WARN_ENUM_CONVERSION = YES;
				CLANG_WARN_INT_CONVERSION = YES;
				CLANG_WARN_OBJC_ROOT_CLASS = YES_ERROR;
				CLANG_WARN_UNREACHABLE_CODE = YES;
				CLANG_WARN__DUPLICATE_METHOD_MATCH = YES;
				"CODE_SIGN_IDENTITY[sdk=iphoneos*]" = "iPhone Developer";
				COPY_PHASE_STRIP = NO;
				DEBUG_INFORMATION_FORMAT = dwarf;
				ENABLE_STRICT_OBJC_MSGSEND = YES;
				ENABLE_TESTABILITY = YES;
				GCC_C_LANGUAGE_STANDARD = gnu99;
				GCC_DYNAMIC_NO_PIC = NO;
				GCC_NO_COMMON_BLOCKS = YES;
				GCC_OPTIMIZATION_LEVEL = 0;
				GCC_PREPROCESSOR_DEFINITIONS = (
					"DEBUG=1",
					"$(inherited)",
				);
				GCC_WARN_64_TO_32_BIT_CONVERSION = YES;
				GCC_WARN_ABOUT_RETURN_TYPE = YES_ERROR;
				GCC_WARN_UNDECLARED_SELECTOR = YES;
				GCC_WARN_UNINITIALIZED_AUTOS = YES_AGGRESSIVE;
				GCC_WARN_UNUSED_FUNCTION = YES;
				GCC_WARN_UNUSED_VARIABLE = YES;
				HEADER_SEARCH_PATHS = "$(SRCROOT)/../../../../ios/Pods/Headers/Public/SSZipArchive";
				IPHONEOS_DEPLOYMENT_TARGET = 9.3;
				MTL_ENABLE_DEBUG_INFO = YES;
				ONLY_ACTIVE_ARCH = YES;
				SDKROOT = iphoneos;
			};
			name = Debug;
		};
		206C9F421D474E910063E3E6 /* Release */ = {
			isa = XCBuildConfiguration;
			buildSettings = {
				ALWAYS_SEARCH_USER_PATHS = NO;
				CLANG_ANALYZER_NONNULL = YES;
				CLANG_CXX_LANGUAGE_STANDARD = "gnu++0x";
				CLANG_CXX_LIBRARY = "libc++";
				CLANG_ENABLE_MODULES = YES;
				CLANG_ENABLE_OBJC_ARC = YES;
				CLANG_WARN_BOOL_CONVERSION = YES;
				CLANG_WARN_CONSTANT_CONVERSION = YES;
				CLANG_WARN_DIRECT_OBJC_ISA_USAGE = YES_ERROR;
				CLANG_WARN_EMPTY_BODY = YES;
				CLANG_WARN_ENUM_CONVERSION = YES;
				CLANG_WARN_INT_CONVERSION = YES;
				CLANG_WARN_OBJC_ROOT_CLASS = YES_ERROR;
				CLANG_WARN_UNREACHABLE_CODE = YES;
				CLANG_WARN__DUPLICATE_METHOD_MATCH = YES;
				"CODE_SIGN_IDENTITY[sdk=iphoneos*]" = "iPhone Developer";
				COPY_PHASE_STRIP = NO;
				DEBUG_INFORMATION_FORMAT = "dwarf-with-dsym";
				ENABLE_NS_ASSERTIONS = NO;
				ENABLE_STRICT_OBJC_MSGSEND = YES;
				GCC_C_LANGUAGE_STANDARD = gnu99;
				GCC_NO_COMMON_BLOCKS = YES;
				GCC_WARN_64_TO_32_BIT_CONVERSION = YES;
				GCC_WARN_ABOUT_RETURN_TYPE = YES_ERROR;
				GCC_WARN_UNDECLARED_SELECTOR = YES;
				GCC_WARN_UNINITIALIZED_AUTOS = YES_AGGRESSIVE;
				GCC_WARN_UNUSED_FUNCTION = YES;
				GCC_WARN_UNUSED_VARIABLE = YES;
				HEADER_SEARCH_PATHS = "$(SRCROOT)/../../../../ios/Pods/Headers/Public/SSZipArchive";
				IPHONEOS_DEPLOYMENT_TARGET = 9.3;
				MTL_ENABLE_DEBUG_INFO = NO;
				SDKROOT = iphoneos;
				VALIDATE_PRODUCT = YES;
				VALID_ARCHS = "armv7 armv7s arm64";
				"VALID_ARCHS[sdk=*]" = "armv7 armv7s arm64";
			};
			name = Release;
		};
		206C9F441D474E910063E3E6 /* Debug */ = {
			isa = XCBuildConfiguration;
			buildSettings = {
				ARCHS = "$(ARCHS_STANDARD)";
				"CODE_SIGN_IDENTITY[sdk=iphoneos*]" = "";
				FRAMEWORK_SEARCH_PATHS = (
					"$(inherited)",
					"$(PROJECT_DIR)",
				);
				FRAMEWORK_VERSION = A;
				HEADER_SEARCH_PATHS = (
					"$(inherited)",
					"$(SRCROOT)/../../../../node_modules/React/**",
					"$(SRCROOT)/../../../../ios/Pods/Headers/Public/React-Core",
					"$(SRCROOT)/../../../../node_modules/react-native/React/**",
					"$(SRCROOT)/../../../../node_modules/react-native-config/ios/ReactNativeConfig",
				);
				IPHONEOS_DEPLOYMENT_TARGET = 7.0;
				ONLY_ACTIVE_ARCH = YES;
				OTHER_LDFLAGS = (
					"-ObjC",
					"$(inherited)",
				);
				PRODUCT_NAME = "$(TARGET_NAME)";
				SKIP_INSTALL = YES;
				VALID_ARCHS = "armv7 armv7s arm64";
			};
			name = Debug;
		};
		206C9F451D474E910063E3E6 /* Release */ = {
			isa = XCBuildConfiguration;
			buildSettings = {
				ARCHS = "$(ARCHS_STANDARD)";
				"CODE_SIGN_IDENTITY[sdk=iphoneos*]" = "";
				FRAMEWORK_SEARCH_PATHS = (
					"$(inherited)",
					"$(PROJECT_DIR)",
				);
				FRAMEWORK_VERSION = A;
				HEADER_SEARCH_PATHS = (
					"$(inherited)",
					"$(SRCROOT)/../../../../node_modules/React/**",
					"$(SRCROOT)/../../../../ios/Pods/Headers/Public/React-Core",
					"$(SRCROOT)/../../../../node_modules/react-native/React/**",
					"$(SRCROOT)/../../../../node_modules/react-native-config/ios/ReactNativeConfig",
				);
				IPHONEOS_DEPLOYMENT_TARGET = 7.0;
				ONLY_ACTIVE_ARCH = NO;
				OTHER_LDFLAGS = (
					"-ObjC",
					"$(inherited)",
				);
				PRODUCT_NAME = "$(TARGET_NAME)";
				SKIP_INSTALL = YES;
				VALID_ARCHS = "armv7 armv7s arm64";
				"VALID_ARCHS[sdk=*]" = "armv7 armv7s arm64";
			};
			name = Release;
		};
/* End XCBuildConfiguration section */

/* Begin XCConfigurationList section */
		206C9F351D474E910063E3E6 /* Build configuration list for PBXProject "RCTStatus" */ = {
			isa = XCConfigurationList;
			buildConfigurations = (
				206C9F411D474E910063E3E6 /* Debug */,
				206C9F421D474E910063E3E6 /* Release */,
			);
			defaultConfigurationIsVisible = 0;
			defaultConfigurationName = Release;
		};
		206C9F431D474E910063E3E6 /* Build configuration list for PBXNativeTarget "RCTStatus" */ = {
			isa = XCConfigurationList;
			buildConfigurations = (
				206C9F441D474E910063E3E6 /* Debug */,
				206C9F451D474E910063E3E6 /* Release */,
			);
			defaultConfigurationIsVisible = 0;
			defaultConfigurationName = Release;
		};
/* End XCConfigurationList section */
	};
	rootObject = 206C9F321D474E910063E3E6 /* Project object */;
}
