PODS:
  - Firebase/Core (5.7.0):
    - Firebase/CoreOnly
    - FirebaseAnalytics (= 5.1.1)
  - Firebase/CoreOnly (5.7.0):
    - FirebaseCore (= 5.1.2)
  - Firebase/Messaging (5.7.0):
    - Firebase/CoreOnly
    - FirebaseMessaging (= 3.1.1)
  - FirebaseAnalytics (5.1.1):
    - FirebaseCore (~> 5.1)
    - FirebaseInstanceID (~> 3.2)
    - GoogleAppMeasurement (~> 5.1)
    - GoogleUtilities/AppDelegateSwizzler (~> 5.2.0)
    - GoogleUtilities/MethodSwizzler (~> 5.2.0)
    - GoogleUtilities/Network (~> 5.2)
    - "GoogleUtilities/NSData+zlib (~> 5.2)"
    - nanopb (~> 0.3)
  - FirebaseCore (5.1.2):
    - GoogleUtilities/Logger (~> 5.2)
  - FirebaseInstanceID (3.2.1):
    - FirebaseCore (~> 5.1)
    - GoogleUtilities/Environment (~> 5.2)
  - FirebaseMessaging (3.1.1):
    - FirebaseCore (~> 5.0)
    - FirebaseInstanceID (~> 3.0)
    - GoogleUtilities/Reachability (~> 5.2)
    - Protobuf (~> 3.1)
  - GoogleAppMeasurement (5.1.1):
    - GoogleUtilities/AppDelegateSwizzler (~> 5.2.0)
    - GoogleUtilities/MethodSwizzler (~> 5.2.0)
    - GoogleUtilities/Network (~> 5.2)
    - "GoogleUtilities/NSData+zlib (~> 5.2)"
    - nanopb (~> 0.3)
  - GoogleUtilities/AppDelegateSwizzler (5.2.2):
    - GoogleUtilities/Environment
    - GoogleUtilities/Logger
    - GoogleUtilities/Network
  - GoogleUtilities/Environment (5.2.2)
  - GoogleUtilities/Logger (5.2.2):
    - GoogleUtilities/Environment
  - GoogleUtilities/MethodSwizzler (5.2.2):
    - GoogleUtilities/Logger
  - GoogleUtilities/Network (5.2.2):
    - GoogleUtilities/Logger
    - "GoogleUtilities/NSData+zlib"
    - GoogleUtilities/Reachability
  - "GoogleUtilities/NSData+zlib (5.2.2)"
  - GoogleUtilities/Reachability (5.2.2):
    - GoogleUtilities/Logger
  - nanopb (0.3.8):
    - nanopb/decode (= 0.3.8)
    - nanopb/encode (= 0.3.8)
  - nanopb/decode (0.3.8)
  - nanopb/encode (0.3.8)
  - Protobuf (3.6.1)
  - React (0.59.10):
    - React/Core (= 0.59.10)
  - react-native-background-timer (2.1.0-alpha.6):
    - React
  - react-native-camera (1.1.5):
    - React
    - react-native-camera/RCT (= 1.1.5)
    - react-native-camera/RN (= 1.1.5)
  - react-native-camera/RCT (1.1.5):
    - React
  - react-native-camera/RN (1.1.5):
    - React
  - react-native-webview (5.2.1):
    - React
  - React/Core (0.59.10):
    - yoga (= 0.59.10.React)
  - RNKeychain (3.0.0-rc.3):
    - React
  - SQLCipher (3.4.2):
    - SQLCipher/standard (= 3.4.2)
  - SQLCipher/common (3.4.2)
  - SQLCipher/standard (3.4.2):
    - SQLCipher/common
  - SSZipArchive (2.1.4)
  - TouchID (4.4.1):
    - React
  - yoga (0.59.10.React)

DEPENDENCIES:
  - Firebase/Core
  - Firebase/Messaging
  - React (from `../node_modules/react-native`)
  - react-native-background-timer (from `../node_modules/react-native-background-timer`)
  - react-native-camera (from `../node_modules/react-native-camera`)
  - react-native-webview (from `../node_modules/react-native-webview`)
  - RNKeychain (from `../node_modules/react-native-keychain`)
  - SQLCipher (~> 3.0)
  - SSZipArchive
  - TouchID (from `../node_modules/react-native-touch-id`)
  - yoga (from `../node_modules/react-native/ReactCommon/yoga`)

SPEC REPOS:
  https://github.com/cocoapods/specs.git:
    - Firebase
    - FirebaseAnalytics
    - FirebaseCore
    - FirebaseInstanceID
    - FirebaseMessaging
    - GoogleAppMeasurement
    - GoogleUtilities
    - nanopb
    - Protobuf
    - SQLCipher
    - SSZipArchive

EXTERNAL SOURCES:
  React:
    :path: "../node_modules/react-native"
  react-native-background-timer:
    :path: "../node_modules/react-native-background-timer"
  react-native-camera:
    :path: "../node_modules/react-native-camera"
  react-native-webview:
    :path: "../node_modules/react-native-webview"
  RNKeychain:
    :path: "../node_modules/react-native-keychain"
  TouchID:
    :path: "../node_modules/react-native-touch-id"
  yoga:
    :path: "../node_modules/react-native/ReactCommon/yoga"

SPEC CHECKSUMS:
  Firebase: 734a4f92957aa6c40e7ae3fda3d9359e1890aa87
  FirebaseAnalytics: 993577e91157feb40945abedd6ab346d8a4b6ac8
  FirebaseCore: 3a97432acb324b439fbed338e642f9cbb516a63d
  FirebaseInstanceID: ea5af6920d0a4a29b40459d055bebe4a6c1333c4
  FirebaseMessaging: 698c94dd1e3436346c29bb9c85dcdca4c4a0c30b
  GoogleAppMeasurement: f7507b39b70ad0bd80b3d81518b2f43868974307
  GoogleUtilities: 06b66f9567769a7958db20a92f0128b2843e49d5
  nanopb: 5601e6bca2dbf1ed831b519092ec110f66982ca3
  Protobuf: 1eb9700044745f00181c136ef21b8ff3ad5a0fd5
  React: 36d0768f9e93be2473b37e7fa64f92c1d5341eef
  react-native-background-timer: f7bc6cb474ca47d81f3be8a1b4c986ac7ee136b3
  react-native-camera: 70db6904b34e02054a25deb84dde9196e94caaee
  react-native-webview: 763be2e9f8b103d195170fafc2fd77805d5434b5
  RNKeychain: 216f37338fcb9e5c3a2530f1e3295f737a690cb1
  SQLCipher: f9fcf29b2e59ced7defc2a2bdd0ebe79b40d4990
  SSZipArchive: 41455d4b8d2b6ab93990820b50dc697c2554a322
  TouchID: ba4c656d849cceabc2e4eef722dea5e55959ecf4
  yoga: 684513b14b03201579ba3cee20218c9d1298b0cc

PODFILE CHECKSUM: 13006106aa0716d54fffebf8dcb42006f0fb8798

COCOAPODS: 1.7.5
